
Microsoft Visual Studio Solution File, Format Version 12.00
# Visual Studio Version 16
VisualStudioVersion = 16.0.29519.87
MinimumVisualStudioVersion = 10.0.40219.1
Project("{FAE04EC0-301F-11D3-BF4B-00C04F79EFBC}") = "Giysici", "Giysici\Giysici.csproj", "{7EA5DCB4-1373-4078-8F98-2957261AA65A}"
EndProject
Global
	GlobalSection(SolutionConfigurationPlatforms) = preSolution
		Debug|Any CPU = Debug|Any CPU
		Release|Any CPU = Release|Any CPU
	EndGlobalSection
	GlobalSection(ProjectConfigurationPlatforms) = postSolution
		{7EA5DCB4-1373-4078-8F98-2957261AA65A}.Debug|Any CPU.ActiveCfg = Debug|Any CPU
		{7EA5DCB4-1373-4078-8F98-2957261AA65A}.Debug|Any CPU.Build.0 = Debug|Any CPU
		{7EA5DCB4-1373-4078-8F98-2957261AA65A}.Release|Any CPU.ActiveCfg = Release|Any CPU
		{7EA5DCB4-1373-4078-8F98-2957261AA65A}.Release|Any CPU.Build.0 = Release|Any CPU
	EndGlobalSection
	GlobalSection(SolutionProperties) = preSolution
		HideSolutionNode = FALSE
	EndGlobalSection
	GlobalSection(ExtensibilityGlobals) = postSolution
		SolutionGuid = {49BE1045-E8D3-4DE9-804F-C2F0CBF321D3}
	EndGlobalSection
EndGlobal
